// !$*UTF8*$!
{
	archiveVersion = 1;
	classes = {
	};
	objectVersion = 50;
	objects = {

/* Begin PBXBuildFile section */
		B73F1DE2239ADB9400560391 /* AppDelegate.swift in Sources */ = {isa = PBXBuildFile; fileRef = B73F1DE1239ADB9400560391 /* AppDelegate.swift */; };
		B73F1DE4239ADB9400560391 /* SceneDelegate.swift in Sources */ = {isa = PBXBuildFile; fileRef = B73F1DE3239ADB9400560391 /* SceneDelegate.swift */; };
		B73F1DE6239ADB9400560391 /* CountryController.swift in Sources */ = {isa = PBXBuildFile; fileRef = B73F1DE5239ADB9400560391 /* CountryController.swift */; };
		B73F1DE9239ADB9400560391 /* Main.storyboard in Resources */ = {isa = PBXBuildFile; fileRef = B73F1DE7239ADB9400560391 /* Main.storyboard */; };
		B73F1DEB239ADB9700560391 /* Assets.xcassets in Resources */ = {isa = PBXBuildFile; fileRef = B73F1DEA239ADB9700560391 /* Assets.xcassets */; };
		B73F1DEE239ADB9700560391 /* LaunchScreen.storyboard in Resources */ = {isa = PBXBuildFile; fileRef = B73F1DEC239ADB9700560391 /* LaunchScreen.storyboard */; };
		B73F1DF8239ADC4500560391 /* Country.json in Resources */ = {isa = PBXBuildFile; fileRef = B73F1DF7239ADC4500560391 /* Country.json */; };
		B73F1DFA239ADCB500560391 /* CountryModel.swift in Sources */ = {isa = PBXBuildFile; fileRef = B73F1DF9239ADCB500560391 /* CountryModel.swift */; };
		B73F1DFC239BE58C00560391 /* ImageClient.swift in Sources */ = {isa = PBXBuildFile; fileRef = B73F1DFB239BE58C00560391 /* ImageClient.swift */; };
		B73F1E00239BFDF000560391 /* CountryDetailController.swift in Sources */ = {isa = PBXBuildFile; fileRef = B73F1DFF239BFDF000560391 /* CountryDetailController.swift */; };
		B73F1E02239C06B100560391 /* CountryCell.swift in Sources */ = {isa = PBXBuildFile; fileRef = B73F1E01239C06B100560391 /* CountryCell.swift */; };
/* End PBXBuildFile section */

/* Begin PBXFileReference section */
		B73F1DDE239ADB9400560391 /* Concurrency-Lab.app */ = {isa = PBXFileReference; explicitFileType = wrapper.application; includeInIndex = 0; path = "Concurrency-Lab.app"; sourceTree = BUILT_PRODUCTS_DIR; };
		B73F1DE1239ADB9400560391 /* AppDelegate.swift */ = {isa = PBXFileReference; lastKnownFileType = sourcecode.swift; path = AppDelegate.swift; sourceTree = "<group>"; };
		B73F1DE3239ADB9400560391 /* SceneDelegate.swift */ = {isa = PBXFileReference; lastKnownFileType = sourcecode.swift; path = SceneDelegate.swift; sourceTree = "<group>"; };
		B73F1DE5239ADB9400560391 /* CountryController.swift */ = {isa = PBXFileReference; lastKnownFileType = sourcecode.swift; path = CountryController.swift; sourceTree = "<group>"; };
		B73F1DE8239ADB9400560391 /* Base */ = {isa = PBXFileReference; lastKnownFileType = file.storyboard; name = Base; path = Base.lproj/Main.storyboard; sourceTree = "<group>"; };
		B73F1DEA239ADB9700560391 /* Assets.xcassets */ = {isa = PBXFileReference; lastKnownFileType = folder.assetcatalog; path = Assets.xcassets; sourceTree = "<group>"; };
		B73F1DED239ADB9700560391 /* Base */ = {isa = PBXFileReference; lastKnownFileType = file.storyboard; name = Base; path = Base.lproj/LaunchScreen.storyboard; sourceTree = "<group>"; };
		B73F1DEF239ADB9700560391 /* Info.plist */ = {isa = PBXFileReference; lastKnownFileType = text.plist.xml; path = Info.plist; sourceTree = "<group>"; };
		B73F1DF7239ADC4500560391 /* Country.json */ = {isa = PBXFileReference; lastKnownFileType = text.json; path = Country.json; sourceTree = "<group>"; };
		B73F1DF9239ADCB500560391 /* CountryModel.swift */ = {isa = PBXFileReference; lastKnownFileType = sourcecode.swift; path = CountryModel.swift; sourceTree = "<group>"; };
		B73F1DFB239BE58C00560391 /* ImageClient.swift */ = {isa = PBXFileReference; lastKnownFileType = sourcecode.swift; path = ImageClient.swift; sourceTree = "<group>"; };
		B73F1DFF239BFDF000560391 /* CountryDetailController.swift */ = {isa = PBXFileReference; lastKnownFileType = sourcecode.swift; path = CountryDetailController.swift; sourceTree = "<group>"; };
		B73F1E01239C06B100560391 /* CountryCell.swift */ = {isa = PBXFileReference; lastKnownFileType = sourcecode.swift; path = CountryCell.swift; sourceTree = "<group>"; };
/* End PBXFileReference section */

/* Begin PBXFrameworksBuildPhase section */
		B73F1DDB239ADB9400560391 /* Frameworks */ = {
			isa = PBXFrameworksBuildPhase;
			buildActionMask = 2147483647;
			files = (
			);
			runOnlyForDeploymentPostprocessing = 0;
		};
/* End PBXFrameworksBuildPhase section */

/* Begin PBXGroup section */
		B73F1DD5239ADB9400560391 = {
			isa = PBXGroup;
			children = (
				B73F1DE0239ADB9400560391 /* Concurrency-Lab */,
				B73F1DDF239ADB9400560391 /* Products */,
			);
			sourceTree = "<group>";
		};
		B73F1DDF239ADB9400560391 /* Products */ = {
			isa = PBXGroup;
			children = (
				B73F1DDE239ADB9400560391 /* Concurrency-Lab.app */,
			);
			name = Products;
			sourceTree = "<group>";
		};
		B73F1DE0239ADB9400560391 /* Concurrency-Lab */ = {
			isa = PBXGroup;
			children = (
				B73F1DF9239ADCB500560391 /* CountryModel.swift */,
				B73F1DF7239ADC4500560391 /* Country.json */,
				B73F1DE5239ADB9400560391 /* CountryController.swift */,
				B73F1E01239C06B100560391 /* CountryCell.swift */,
				B73F1DFB239BE58C00560391 /* ImageClient.swift */,
				B73F1DE1239ADB9400560391 /* AppDelegate.swift */,
				B73F1DFF239BFDF000560391 /* CountryDetailController.swift */,
				B73F1DE3239ADB9400560391 /* SceneDelegate.swift */,
				B73F1DE7239ADB9400560391 /* Main.storyboard */,
				B73F1DEA239ADB9700560391 /* Assets.xcassets */,
				B73F1DEC239ADB9700560391 /* LaunchScreen.storyboard */,
				B73F1DEF239ADB9700560391 /* Info.plist */,
			);
			path = "Concurrency-Lab";
			sourceTree = "<group>";
		};
/* End PBXGroup section */

/* Begin PBXNativeTarget section */
		B73F1DDD239ADB9400560391 /* Concurrency-Lab */ = {
			isa = PBXNativeTarget;
			buildConfigurationList = B73F1DF2239ADB9700560391 /* Build configuration list for PBXNativeTarget "Concurrency-Lab" */;
			buildPhases = (
				B73F1DDA239ADB9400560391 /* Sources */,
				B73F1DDB239ADB9400560391 /* Frameworks */,
				B73F1DDC239ADB9400560391 /* Resources */,
			);
			buildRules = (
			);
			dependencies = (
			);
			name = "Concurrency-Lab";
			productName = "Concurrency-Lab";
			productReference = B73F1DDE239ADB9400560391 /* Concurrency-Lab.app */;
			productType = "com.apple.product-type.application";
		};
/* End PBXNativeTarget section */

/* Begin PBXProject section */
		B73F1DD6239ADB9400560391 /* Project object */ = {
			isa = PBXProject;
			attributes = {
				LastSwiftUpdateCheck = 1120;
				LastUpgradeCheck = 1120;
				ORGANIZATIONNAME = "Amy Alsaydi";
				TargetAttributes = {
					B73F1DDD239ADB9400560391 = {
						CreatedOnToolsVersion = 11.2;
					};
				};
			};
			buildConfigurationList = B73F1DD9239ADB9400560391 /* Build configuration list for PBXProject "Concurrency-Lab" */;
			compatibilityVersion = "Xcode 9.3";
			developmentRegion = en;
			hasScannedForEncodings = 0;
			knownRegions = (
				en,
				Base,
			);
			mainGroup = B73F1DD5239ADB9400560391;
			productRefGroup = B73F1DDF239ADB9400560391 /* Products */;
			projectDirPath = "";
			projectRoot = "";
			targets = (
				B73F1DDD239ADB9400560391 /* Concurrency-Lab */,
			);
		};
/* End PBXProject section */

/* Begin PBXResourcesBuildPhase section */
		B73F1DDC239ADB9400560391 /* Resources */ = {
			isa = PBXResourcesBuildPhase;
			buildActionMask = 2147483647;
			files = (
				B73F1DF8239ADC4500560391 /* Country.json in Resources */,
				B73F1DEE239ADB9700560391 /* LaunchScreen.storyboard in Resources */,
				B73F1DEB239ADB9700560391 /* Assets.xcassets in Resources */,
				B73F1DE9239ADB9400560391 /* Main.storyboard in Resources */,
			);
			runOnlyForDeploymentPostprocessing = 0;
		};
/* End PBXResourcesBuildPhase section */

/* Begin PBXSourcesBuildPhase section */
		B73F1DDA239ADB9400560391 /* Sources */ = {
			isa = PBXSourcesBuildPhase;
			buildActionMask = 2147483647;
			files = (
				B73F1DE6239ADB9400560391 /* CountryController.swift in Sources */,
				B73F1E00239BFDF000560391 /* CountryDetailController.swift in Sources */,
				B73F1DE2239ADB9400560391 /* AppDelegate.swift in Sources */,
				B73F1DFC239BE58C00560391 /* ImageClient.swift in Sources */,
				B73F1DFA239ADCB500560391 /* CountryModel.swift in Sources */,
				B73F1DE4239ADB9400560391 /* SceneDelegate.swift in Sources */,
				B73F1E02239C06B100560391 /* CountryCell.swift in Sources */,
			);
			runOnlyForDeploymentPostprocessing = 0;
		};
/* End PBXSourcesBuildPhase section */

/* Begin PBXVariantGroup section */
		B73F1DE7239ADB9400560391 /* Main.storyboard */ = {
			isa = PBXVariantGroup;
			children = (
				B73F1DE8239ADB9400560391 /* Base */,
			);
			name = Main.storyboard;
			sourceTree = "<group>";
		};
		B73F1DEC239ADB9700560391 /* LaunchScreen.storyboard */ = {
			isa = PBXVariantGroup;
			children = (
				B73F1DED239ADB9700560391 /* Base */,
			);
			name = LaunchScreen.storyboard;
			sourceTree = "<group>";
		};
/* End PBXVariantGroup section */

/* Begin XCBuildConfiguration section */
		B73F1DF0239ADB9700560391 /* Debug */ = {
			isa = XCBuildConfiguration;
			buildSettings = {
				ALWAYS_SEARCH_USER_PATHS = NO;
				CLANG_ANALYZER_NONNULL = YES;
				CLANG_ANALYZER_NUMBER_OBJECT_CONVERSION = YES_AGGRESSIVE;
				CLANG_CXX_LANGUAGE_STANDARD = "gnu++14";
				CLANG_CXX_LIBRARY = "libc++";
				CLANG_ENABLE_MODULES = YES;
				CLANG_ENABLE_OBJC_ARC = YES;
				CLANG_ENABLE_OBJC_WEAK = YES;
				CLANG_WARN_BLOCK_CAPTURE_AUTORELEASING = YES;
				CLANG_WARN_BOOL_CONVERSION = YES;
				CLANG_WARN_COMMA = YES;
				CLANG_WARN_CONSTANT_CONVERSION = YES;
				CLANG_WARN_DEPRECATED_OBJC_IMPLEMENTATIONS = YES;
				CLANG_WARN_DIRECT_OBJC_ISA_USAGE = YES_ERROR;
				CLANG_WARN_DOCUMENTATION_COMMENTS = YES;
				CLANG_WARN_EMPTY_BODY = YES;
				CLANG_WARN_ENUM_CONVERSION = YES;
				CLANG_WARN_INFINITE_RECURSION = YES;
				CLANG_WARN_INT_CONVERSION = YES;
				CLANG_WARN_NON_LITERAL_NULL_CONVERSION = YES;
				CLANG_WARN_OBJC_IMPLICIT_RETAIN_SELF = YES;
				CLANG_WARN_OBJC_LITERAL_CONVERSION = YES;
				CLANG_WARN_OBJC_ROOT_CLASS = YES_ERROR;
				CLANG_WARN_RANGE_LOOP_ANALYSIS = YES;
				CLANG_WARN_STRICT_PROTOTYPES = YES;
				CLANG_WARN_SUSPICIOUS_MOVE = YES;
				CLANG_WARN_UNGUARDED_AVAILABILITY = YES_AGGRESSIVE;
				CLANG_WARN_UNREACHABLE_CODE = YES;
				CLANG_WARN__DUPLICATE_METHOD_MATCH = YES;
				COPY_PHASE_STRIP = NO;
				DEBUG_INFORMATION_FORMAT = dwarf;
				ENABLE_STRICT_OBJC_MSGSEND = YES;
				ENABLE_TESTABILITY = YES;
				GCC_C_LANGUAGE_STANDARD = gnu11;
				GCC_DYNAMIC_NO_PIC = NO;
				GCC_NO_COMMON_BLOCKS = YES;
				GCC_OPTIMIZATION_LEVEL = 0;
				GCC_PREPROCESSOR_DEFINITIONS = (
					"DEBUG=1",
					"$(inherited)",
				);
				GCC_WARN_64_TO_32_BIT_CONVERSION = YES;
				GCC_WARN_ABOUT_RETURN_TYPE = YES_ERROR;
				GCC_WARN_UNDECLARED_SELECTOR = YES;
				GCC_WARN_UNINITIALIZED_AUTOS = YES_AGGRESSIVE;
				GCC_WARN_UNUSED_FUNCTION = YES;
				GCC_WARN_UNUSED_VARIABLE = YES;
				IPHONEOS_DEPLOYMENT_TARGET = 13.2;
				MTL_ENABLE_DEBUG_INFO = INCLUDE_SOURCE;
				MTL_FAST_MATH = YES;
				ONLY_ACTIVE_ARCH = YES;
				SDKROOT = iphoneos;
				SWIFT_ACTIVE_COMPILATION_CONDITIONS = DEBUG;
				SWIFT_OPTIMIZATION_LEVEL = "-Onone";
			};
			name = Debug;
		};
		B73F1DF1239ADB9700560391 /* Release */ = {
			isa = XCBuildConfiguration;
			buildSettings = {
				ALWAYS_SEARCH_USER_PATHS = NO;
				CLANG_ANALYZER_NONNULL = YES;
				CLANG_ANALYZER_NUMBER_OBJECT_CONVERSION = YES_AGGRESSIVE;
				CLANG_CXX_LANGUAGE_STANDARD = "gnu++14";
				CLANG_CXX_LIBRARY = "libc++";
				CLANG_ENABLE_MODULES = YES;
				CLANG_ENABLE_OBJC_ARC = YES;
				CLANG_ENABLE_OBJC_WEAK = YES;
				CLANG_WARN_BLOCK_CAPTURE_AUTORELEASING = YES;
				CLANG_WARN_BOOL_CONVERSION = YES;
				CLANG_WARN_COMMA = YES;
				CLANG_WARN_CONSTANT_CONVERSION = YES;
				CLANG_WARN_DEPRECATED_OBJC_IMPLEMENTATIONS = YES;
				CLANG_WARN_DIRECT_OBJC_ISA_USAGE = YES_ERROR;
				CLANG_WARN_DOCUMENTATION_COMMENTS = YES;
				CLANG_WARN_EMPTY_BODY = YES;
				CLANG_WARN_ENUM_CONVERSION = YES;
				CLANG_WARN_INFINITE_RECURSION = YES;
				CLANG_WARN_INT_CONVERSION = YES;
				CLANG_WARN_NON_LITERAL_NULL_CONVERSION = YES;
				CLANG_WARN_OBJC_IMPLICIT_RETAIN_SELF = YES;
				CLANG_WARN_OBJC_LITERAL_CONVERSION = YES;
				CLANG_WARN_OBJC_ROOT_CLASS = YES_ERROR;
				CLANG_WARN_RANGE_LOOP_ANALYSIS = YES;
				CLANG_WARN_STRICT_PROTOTYPES = YES;
				CLANG_WARN_SUSPICIOUS_MOVE = YES;
				CLANG_WARN_UNGUARDED_AVAILABILITY = YES_AGGRESSIVE;
				CLANG_WARN_UNREACHABLE_CODE = YES;
				CLANG_WARN__DUPLICATE_METHOD_MATCH = YES;
				COPY_PHASE_STRIP = NO;
				DEBUG_INFORMATION_FORMAT = "dwarf-with-dsym";
				ENABLE_NS_ASSERTIONS = NO;
				ENABLE_STRICT_OBJC_MSGSEND = YES;
				GCC_C_LANGUAGE_STANDARD = gnu11;
				GCC_NO_COMMON_BLOCKS = YES;
				GCC_WARN_64_TO_32_BIT_CONVERSION = YES;
				GCC_WARN_ABOUT_RETURN_TYPE = YES_ERROR;
				GCC_WARN_UNDECLARED_SELECTOR = YES;
				GCC_WARN_UNINITIALIZED_AUTOS = YES_AGGRESSIVE;
				GCC_WARN_UNUSED_FUNCTION = YES;
				GCC_WARN_UNUSED_VARIABLE = YES;
				IPHONEOS_DEPLOYMENT_TARGET = 13.2;
				MTL_ENABLE_DEBUG_INFO = NO;
				MTL_FAST_MATH = YES;
				SDKROOT = iphoneos;
				SWIFT_COMPILATION_MODE = wholemodule;
				SWIFT_OPTIMIZATION_LEVEL = "-O";
				VALIDATE_PRODUCT = YES;
			};
			name = Release;
		};
		B73F1DF3239ADB9700560391 /* Debug */ = {
			isa = XCBuildConfiguration;
			buildSettings = {
				ASSETCATALOG_COMPILER_APPICON_NAME = AppIcon;
				CODE_SIGN_STYLE = Automatic;
				DEVELOPMENT_TEAM = WDT827LK75;
				INFOPLIST_FILE = "Concurrency-Lab/Info.plist";
				LD_RUNPATH_SEARCH_PATHS = (
					"$(inherited)",
					"@executable_path/Frameworks",
				);
				PRODUCT_BUNDLE_IDENTIFIER = "com.Amy.Concurrency-Lab";
				PRODUCT_NAME = "$(TARGET_NAME)";
				SWIFT_VERSION = 5.0;
				TARGETED_DEVICE_FAMILY = "1,2";
			};
			name = Debug;
		};
		B73F1DF4239ADB9700560391 /* Release */ = {
			isa = XCBuildConfiguration;
			buildSettings = {
				ASSETCATALOG_COMPILER_APPICON_NAME = AppIcon;
				CODE_SIGN_STYLE = Automatic;
				DEVELOPMENT_TEAM = WDT827LK75;
				INFOPLIST_FILE = "Concurrency-Lab/Info.plist";
				LD_RUNPATH_SEARCH_PATHS = (
					"$(inherited)",
					"@executable_path/Frameworks",
				);
				PRODUCT_BUNDLE_IDENTIFIER = "com.Amy.Concurrency-Lab";
				PRODUCT_NAME = "$(TARGET_NAME)";
				SWIFT_VERSION = 5.0;
				TARGETED_DEVICE_FAMILY = "1,2";
			};
			name = Release;
		};
/* End XCBuildConfiguration section */

/* Begin XCConfigurationList section */
		B73F1DD9239ADB9400560391 /* Build configuration list for PBXProject "Concurrency-Lab" */ = {
			isa = XCConfigurationList;
			buildConfigurations = (
				B73F1DF0239ADB9700560391 /* Debug */,
				B73F1DF1239ADB9700560391 /* Release */,
			);
			defaultConfigurationIsVisible = 0;
			defaultConfigurationName = Release;
		};
		B73F1DF2239ADB9700560391 /* Build configuration list for PBXNativeTarget "Concurrency-Lab" */ = {
			isa = XCConfigurationList;
			buildConfigurations = (
				B73F1DF3239ADB9700560391 /* Debug */,
				B73F1DF4239ADB9700560391 /* Release */,
			);
			defaultConfigurationIsVisible = 0;
			defaultConfigurationName = Release;
		};
/* End XCConfigurationList section */
	};
	rootObject = B73F1DD6239ADB9400560391 /* Project object */;
}
